core:changelogs:
  - content: "---\npackages:\n  npm:@reactunity/renderer:\n    type: patch\n---\n\n### `flushSync` works again\n\n`flushSync` from `@reactunity/renderer` threw `TypeError: not a function` on every call. It called\nthe reconciler's `flushSync`, which react-reconciler 0.33 renamed to `flushSyncFromReconciler`, and\nthe reconciler's typings still declare the old name, so nothing caught it. It now commits the\nupdates its callback schedules before it returns, including on roots rendered with\n`disableBatchRendering`.\n"
    filename: 2026-09-25-flushsync.md
    v: 0.0.0
core:packages:
  - id: npm:@reactunity/monorepo
    updated: false
  - id: npm:@reactunity/create
    updated: true
  - id: npm:@reactunity/material
    updated: true
  - changelogIds:
      - 2026-09-25-flushsync.md
    id: npm:@reactunity/renderer
    updated: true
  - id: npm:@reactunity/scripts
    updated: true
npm:packages:
  - id: npm:@reactunity/monorepo
  - id: npm:@reactunity/create
  - id: npm:@reactunity/material
  - id: npm:@reactunity/renderer
  - id: npm:@reactunity/scripts
