{
  "name": "react-unity",
  "version": "0.0.1",
  "lockfileVersion": 1,
  "requires": true,
  "dependencies": {
    "@types/node": {
      "version": "13.9.1",
      "resolved": "https://registry.npmjs.org/@types/node/-/node-13.9.1.tgz",
      "integrity": "sha512-E6M6N0blf/jiZx8Q3nb0vNaswQeEyn0XlupO+xN6DtJ6r6IT4nXrTry7zhIfYvFCl3/8Cu6WIysmUBKiqV0bqQ==",
      "dev": true
    },
    "@types/prop-types": {
      "version": "15.7.3",
      "resolved": "https://registry.npmjs.org/@types/prop-types/-/prop-types-15.7.3.tgz",
      "integrity": "sha512-KfRL3PuHmqQLOG+2tGpRO26Ctg+Cq1E01D2DMriKEATHgWLfeNDmq9e29Q9WIky0dQ3NPkd1mzYH8Lm936Z9qw==",
      "dev": true
    },
    "@types/react": {
      "version": "16.9.23",
      "resolved": "https://registry.npmjs.org/@types/react/-/react-16.9.23.tgz",
      "integrity": "sha512-SsGVT4E7L2wLN3tPYLiF20hmZTPGuzaayVunfgXzUn1x4uHVsKH6QDJQ/TdpHqwsTLd4CwrmQ2vOgxN7gE24gw==",
      "dev": true,
      "requires": {
        "@types/prop-types": "*",
        "csstype": "^2.2.0"
      }
    },
    "@types/react-motion": {
      "version": "0.0.29",
      "resolved": "https://registry.npmjs.org/@types/react-motion/-/react-motion-0.0.29.tgz",
      "integrity": "sha512-MD1DbdcDKruR0zz5Z0XIlrkPdjDMgYx0AHhbaoTBpDirUTt8Bd7x6OFE458nEINZxfPW0EcEOw2O8S/WwGNLsA==",
      "dev": true,
      "requires": {
        "@types/react": "*"
      }
    },
    "@types/react-reconciler": {
      "version": "0.18.0",
      "resolved": "https://registry.npmjs.org/@types/react-reconciler/-/react-reconciler-0.18.0.tgz",
      "integrity": "sha512-hLVaxzL7cGgk/2C/sc8yyyvi+aeeimv7SKOFgyuPFYqNb2rnnQApHabcxo5Xp+GloUAfMe3tyQm2nkrmbLXq4w==",
      "dev": true,
      "requires": {
        "@types/react": "*"
      }
    },
    "@zeit/ncc": {
      "version": "0.21.1",
      "resolved": "https://registry.npmjs.org/@zeit/ncc/-/ncc-0.21.1.tgz",
      "integrity": "sha512-M9WzgquSOt2nsjRkYM9LRylBLmmlwNCwYbm3Up3PDEshfvdmIfqpFNSK8EJvR18NwZjGHE5z2avlDtYQx2JQnw==",
      "dev": true
    },
    "csstype": {
      "version": "2.6.9",
      "resolved": "https://registry.npmjs.org/csstype/-/csstype-2.6.9.tgz",
      "integrity": "sha512-xz39Sb4+OaTsULgUERcCk+TJj8ylkL4aSVDQiX/ksxbELSqwkgt4d4RD7fovIdgJGSuNYqwZEiVjYY5l0ask+Q==",
      "dev": true
    },
    "js-tokens": {
      "version": "4.0.0",
      "resolved": "https://registry.npmjs.org/js-tokens/-/js-tokens-4.0.0.tgz",
      "integrity": "sha512-RdJUflcE3cUzKiMqQgsCu06FPu9UdIJO0beYbPhHN4k6apgJtifcoCtT9bcxOpYBtpD2kCM6Sbzg4CausW/PKQ=="
    },
    "loose-envify": {
      "version": "1.4.0",
      "resolved": "https://registry.npmjs.org/loose-envify/-/loose-envify-1.4.0.tgz",
      "integrity": "sha512-lyuxPGr/Wfhrlem2CL/UcnUc1zcqKAImBDzukY7Y5F/yQiNdko6+fRLevlw1HgMySw7f611UIY408EtxRSoK3Q==",
      "requires": {
        "js-tokens": "^3.0.0 || ^4.0.0"
      }
    },
    "object-assign": {
      "version": "4.1.1",
      "resolved": "https://registry.npmjs.org/object-assign/-/object-assign-4.1.1.tgz",
      "integrity": "sha1-IQmtx5ZYh8/AXLvUQsrIv7s2CGM="
    },
    "performance-now": {
      "version": "0.2.0",
      "resolved": "https://registry.npmjs.org/performance-now/-/performance-now-0.2.0.tgz",
      "integrity": "sha1-M+8wxcd9TqIcWlOGnZG1bY8lVeU="
    },
    "prop-types": {
      "version": "15.7.2",
      "resolved": "https://registry.npmjs.org/prop-types/-/prop-types-15.7.2.tgz",
      "integrity": "sha512-8QQikdH7//R2vurIJSutZ1smHYTcLpRWEOlHnzcWHmBYrOGUysKwSsrC89BCiFj3CbrfJ/nXFdJepOVrY1GCHQ==",
      "requires": {
        "loose-envify": "^1.4.0",
        "object-assign": "^4.1.1",
        "react-is": "^16.8.1"
      }
    },
    "raf": {
      "version": "3.4.1",
      "resolved": "https://registry.npmjs.org/raf/-/raf-3.4.1.tgz",
      "integrity": "sha512-Sq4CW4QhwOHE8ucn6J34MqtZCeWFP2aQSmrlroYgqAV1PjStIhJXxYuTgUIfkEk7zTLjmIjLmU5q+fbD1NnOJA==",
      "requires": {
        "performance-now": "^2.1.0"
      },
      "dependencies": {
        "performance-now": {
          "version": "2.1.0",
          "resolved": "https://registry.npmjs.org/performance-now/-/performance-now-2.1.0.tgz",
          "integrity": "sha1-Ywn04OX6kT7BxpMHrjZLSzd8nns="
        }
      }
    },
    "react": {
      "version": "16.13.0",
      "resolved": "https://registry.npmjs.org/react/-/react-16.13.0.tgz",
      "integrity": "sha512-TSavZz2iSLkq5/oiE7gnFzmURKZMltmi193rm5HEoUDAXpzT9Kzw6oNZnGoai/4+fUnm7FqS5dwgUL34TujcWQ==",
      "requires": {
        "loose-envify": "^1.1.0",
        "object-assign": "^4.1.1",
        "prop-types": "^15.6.2"
      }
    },
    "react-is": {
      "version": "16.13.0",
      "resolved": "https://registry.npmjs.org/react-is/-/react-is-16.13.0.tgz",
      "integrity": "sha512-GFMtL0vHkiBv9HluwNZTggSn/sCyEt9n02aM0dSAjGGyqyNlAyftYm4phPxdvCigG15JreC5biwxCgTAJZ7yAA=="
    },
    "react-motion": {
      "version": "0.5.2",
      "resolved": "https://registry.npmjs.org/react-motion/-/react-motion-0.5.2.tgz",
      "integrity": "sha512-9q3YAvHoUiWlP3cK0v+w1N5Z23HXMj4IF4YuvjvWegWqNPfLXsOBE/V7UvQGpXxHFKRQQcNcVQE31g9SB/6qgQ==",
      "requires": {
        "performance-now": "^0.2.0",
        "prop-types": "^15.5.8",
        "raf": "^3.1.0"
      }
    },
    "react-reconciler": {
      "version": "0.25.0",
      "resolved": "https://registry.npmjs.org/react-reconciler/-/react-reconciler-0.25.0.tgz",
      "integrity": "sha512-58eTJHDnzOZsoORRub8bmQ0bM7APVfeZN8vZMt8Zbhq9EnUYlFWFxztH00Jv0vHr897u8ZvnWEaOm/tkzfz7WA==",
      "requires": {
        "loose-envify": "^1.1.0",
        "object-assign": "^4.1.1",
        "prop-types": "^15.6.2",
        "scheduler": "^0.19.0"
      }
    },
    "react-unity-renderer": {
      "version": "0.0.4",
      "resolved": "https://registry.npmjs.org/react-unity-renderer/-/react-unity-renderer-0.0.4.tgz",
      "integrity": "sha512-4aontGfq6E9SedXYVGWLzT7rzCBDAofzH7ZXMNtBuionAvVPGwwdrk2+Y7ZfWwq0OwJh5sdJzYL+tE9YVxoi5w==",
      "requires": {
        "object-assign": "^4.1.1",
        "react": "^16.13.0",
        "react-reconciler": "^0.25.0"
      }
    },
    "scheduler": {
      "version": "0.19.0",
      "resolved": "https://registry.npmjs.org/scheduler/-/scheduler-0.19.0.tgz",
      "integrity": "sha512-xowbVaTPe9r7y7RUejcK73/j8tt2jfiyTednOvHbA8JoClvMYCp+r8QegLwK/n8zWQAtZb1fFnER4XLBZXrCxA==",
      "requires": {
        "loose-envify": "^1.1.0",
        "object-assign": "^4.1.1"
      }
    },
    "typescript": {
      "version": "3.8.3",
      "resolved": "https://registry.npmjs.org/typescript/-/typescript-3.8.3.tgz",
      "integrity": "sha512-MYlEfn5VrLNsgudQTVJeNaQFUAI7DkhnOjdpAp4T+ku1TfQClewlbSuTVHiA+8skNBgaf02TL/kLOvig4y3G8w==",
      "dev": true
    }
  }
}
